
Microsoft Visual Studio Solution File, Format Version 12.00
# Visual Studio 15
VisualStudioVersion = 15.0.26430.6
MinimumVisualStudioVersion = 10.0.40219.1
Project("{FAE04EC0-301F-11D3-BF4B-00C04F79EFBC}") = "Duikboot.Web", "Duikboot.Web\Duikboot.Web.csproj", "{6904117E-DEAE-426C-AF1B-7988FA1528B3}"
EndProject
Global
	GlobalSection(SolutionConfigurationPlatforms) = preSolution
		Debug|Any CPU = Debug|Any CPU
		Release|Any CPU = Release|Any CPU
	EndGlobalSection
	GlobalSection(ProjectConfigurationPlatforms) = postSolution
		{6904117E-DEAE-426C-AF1B-7988FA1528B3}.Debug|Any CPU.ActiveCfg = Debug|Any CPU
		{6904117E-DEAE-426C-AF1B-7988FA1528B3}.Debug|Any CPU.Build.0 = Debug|Any CPU
		{6904117E-DEAE-426C-AF1B-7988FA1528B3}.Release|Any CPU.ActiveCfg = Release|Any CPU
		{6904117E-DEAE-426C-AF1B-7988FA1528B3}.Release|Any CPU.Build.0 = Release|Any CPU
	EndGlobalSection
	GlobalSection(SolutionProperties) = preSolution
		HideSolutionNode = FALSE
	EndGlobalSection
	GlobalSection(ExtensibilityGlobals) = postSolution
		SolutionGuid = {C91FE58D-CF39-45EF-99CD-39405CAE0892}
	EndGlobalSection
EndGlobal
